version = 1
requires-python = ">=3.12"

[[package]]
name = "mashumaro"
version = "3.15"
source = { registry = "https://pypi.tuna.tsinghua.edu.cn/simple" }
dependencies = [
    { name = "typing-extensions" },
]
sdist = { url = "https://pypi.tuna.tsinghua.edu.cn/packages/f3/c1/7b687c8b993202e2eb49e559b25599d8e85f1b6d92ce676c8801226b8bdf/mashumaro-3.15.tar.gz", hash = "sha256:32a2a38a1e942a07f2cbf9c3061cb2a247714ee53e36a5958548b66bd116d0a9", size = 188646 }
wheels = [
    { url = "https://pypi.tuna.tsinghua.edu.cn/packages/f9/59/595eabaa779c87a72d65864351e0fdd2359d7d73967d5ed9f2f0c6186fa3/mashumaro-3.15-py3-none-any.whl", hash = "sha256:cdd45ef5a4d09860846a3ee37a4c2f5f4bc70eb158caa55648c4c99451ca6c4c", size = 93761 },
]

[package.optional-dependencies]
toml = [
    { name = "tomli-w" },
]

[[package]]
name = "pyins"
version = "0.1.0"
source = { editable = "." }
dependencies = [
    { name = "mashumaro", extra = ["toml"] },
]

[package.metadata]
requires-dist = [{ name = "mashumaro", extras = ["toml"], specifier = ">=3.15" }]

[[package]]
name = "tomli-w"
version = "1.2.0"
source = { registry = "https://pypi.tuna.tsinghua.edu.cn/simple" }
sdist = { url = "https://pypi.tuna.tsinghua.edu.cn/packages/19/75/241269d1da26b624c0d5e110e8149093c759b7a286138f4efd61a60e75fe/tomli_w-1.2.0.tar.gz", hash = "sha256:2dd14fac5a47c27be9cd4c976af5a12d87fb1f0b4512f81d69cce3b35ae25021", size = 7184 }
wheels = [
    { url = "https://pypi.tuna.tsinghua.edu.cn/packages/c7/18/c86eb8e0202e32dd3df50d43d7ff9854f8e0603945ff398974c1d91ac1ef/tomli_w-1.2.0-py3-none-any.whl", hash = "sha256:188306098d013b691fcadc011abd66727d3c414c571bb01b1a174ba8c983cf90", size = 6675 },
]

[[package]]
name = "typing-extensions"
version = "4.12.2"
source = { registry = "https://pypi.tuna.tsinghua.edu.cn/simple" }
sdist = { url = "https://pypi.tuna.tsinghua.edu.cn/packages/df/db/f35a00659bc03fec321ba8bce9420de607a1d37f8342eee1863174c69557/typing_extensions-4.12.2.tar.gz", hash = "sha256:1a7ead55c7e559dd4dee8856e3a88b41225abfe1ce8df57b7c13915fe121ffb8", size = 85321 }
wheels = [
    { url = "https://pypi.tuna.tsinghua.edu.cn/packages/26/9f/ad63fc0248c5379346306f8668cda6e2e2e9c95e01216d2b8ffd9ff037d0/typing_extensions-4.12.2-py3-none-any.whl", hash = "sha256:04e5ca0351e0f3f85c6853954072df659d0d13fac324d0072316b67d7794700d", size = 37438 },
]
